// !$*UTF8*$!
{
	archiveVersion = 1;
	classes = {
	};
	objectVersion = 46;
	objects = {

/* Begin PBXBuildFile section */
		B70F4B291F497EC8007AE4AB /* main.m in Sources */ = {isa = PBXBuildFile; fileRef = B70F4B281F497EC8007AE4AB /* main.m */; };
		B70F4B2C1F497EC8007AE4AB /* AppDelegate.m in Sources */ = {isa = PBXBuildFile; fileRef = B70F4B2B1F497EC8007AE4AB /* AppDelegate.m */; };
		B70F4B2F1F497EC8007AE4AB /* ViewController.m in Sources */ = {isa = PBXBuildFile; fileRef = B70F4B2E1F497EC8007AE4AB /* ViewController.m */; };
		B70F4B321F497EC8007AE4AB /* Main.storyboard in Resources */ = {isa = PBXBuildFile; fileRef = B70F4B301F497EC8007AE4AB /* Main.storyboard */; };
		B70F4B341F497EC8007AE4AB /* Assets.xcassets in Resources */ = {isa = PBXBuildFile; fileRef = B70F4B331F497EC8007AE4AB /* Assets.xcassets */; };
		B70F4B371F497EC8007AE4AB /* LaunchScreen.storyboard in Resources */ = {isa = PBXBuildFile; fileRef = B70F4B351F497EC8007AE4AB /* LaunchScreen.storyboard */; };
		B70F4B421F497F1B007AE4AB /* FunctionTool.m in Sources */ = {isa = PBXBuildFile; fileRef = B70F4B411F497F1B007AE4AB /* FunctionTool.m */; };
		B70F4B451F497F3D007AE4AB /* UIFont+fontAdapter.m in Sources */ = {isa = PBXBuildFile; fileRef = B70F4B441F497F3D007AE4AB /* UIFont+fontAdapter.m */; };
		B70F4B491F497FAA007AE4AB /* UIView+ConstraintAdapter.m in Sources */ = {isa = PBXBuildFile; fileRef = B70F4B481F497FAA007AE4AB /* UIView+ConstraintAdapter.m */; };
/* End PBXBuildFile section */

/* Begin PBXFileReference section */
		B70F4B241F497EC8007AE4AB /* DDAdapter.app */ = {isa = PBXFileReference; explicitFileType = wrapper.application; includeInIndex = 0; path = DDAdapter.app; sourceTree = BUILT_PRODUCTS_DIR; };
		B70F4B281F497EC8007AE4AB /* main.m */ = {isa = PBXFileReference; lastKnownFileType = sourcecode.c.objc; path = main.m; sourceTree = "<group>"; };
		B70F4B2A1F497EC8007AE4AB /* AppDelegate.h */ = {isa = PBXFileReference; lastKnownFileType = sourcecode.c.h; path = AppDelegate.h; sourceTree = "<group>"; };
		B70F4B2B1F497EC8007AE4AB /* AppDelegate.m */ = {isa = PBXFileReference; lastKnownFileType = sourcecode.c.objc; path = AppDelegate.m; sourceTree = "<group>"; };
		B70F4B2D1F497EC8007AE4AB /* ViewController.h */ = {isa = PBXFileReference; lastKnownFileType = sourcecode.c.h; path = ViewController.h; sourceTree = "<group>"; };
		B70F4B2E1F497EC8007AE4AB /* ViewController.m */ = {isa = PBXFileReference; lastKnownFileType = sourcecode.c.objc; path = ViewController.m; sourceTree = "<group>"; };
		B70F4B311F497EC8007AE4AB /* Base */ = {isa = PBXFileReference; lastKnownFileType = file.storyboard; name = Base; path = Base.lproj/Main.storyboard; sourceTree = "<group>"; };
		B70F4B331F497EC8007AE4AB /* Assets.xcassets */ = {isa = PBXFileReference; lastKnownFileType = folder.assetcatalog; path = Assets.xcassets; sourceTree = "<group>"; };
		B70F4B361F497EC8007AE4AB /* Base */ = {isa = PBXFileReference; lastKnownFileType = file.storyboard; name = Base; path = Base.lproj/LaunchScreen.storyboard; sourceTree = "<group>"; };
		B70F4B381F497EC8007AE4AB /* Info.plist */ = {isa = PBXFileReference; lastKnownFileType = text.plist.xml; path = Info.plist; sourceTree = "<group>"; };
		B70F4B401F497F1B007AE4AB /* FunctionTool.h */ = {isa = PBXFileReference; fileEncoding = 4; lastKnownFileType = sourcecode.c.h; path = FunctionTool.h; sourceTree = "<group>"; };
		B70F4B411F497F1B007AE4AB /* FunctionTool.m */ = {isa = PBXFileReference; fileEncoding = 4; lastKnownFileType = sourcecode.c.objc; path = FunctionTool.m; sourceTree = "<group>"; };
		B70F4B441F497F3D007AE4AB /* UIFont+fontAdapter.m */ = {isa = PBXFileReference; fileEncoding = 4; lastKnownFileType = sourcecode.c.objc; path = "UIFont+fontAdapter.m"; sourceTree = "<group>"; };
		B70F4B481F497FAA007AE4AB /* UIView+ConstraintAdapter.m */ = {isa = PBXFileReference; fileEncoding = 4; lastKnownFileType = sourcecode.c.objc; path = "UIView+ConstraintAdapter.m"; sourceTree = "<group>"; };
/* End PBXFileReference section */

/* Begin PBXFrameworksBuildPhase section */
		B70F4B211F497EC8007AE4AB /* Frameworks */ = {
			isa = PBXFrameworksBuildPhase;
			buildActionMask = 2147483647;
			files = (
			);
			runOnlyForDeploymentPostprocessing = 0;
		};
/* End PBXFrameworksBuildPhase section */

/* Begin PBXGroup section */
		B70F4B1B1F497EC8007AE4AB = {
			isa = PBXGroup;
			children = (
				B70F4B261F497EC8007AE4AB /* DDAdapter */,
				B70F4B251F497EC8007AE4AB /* Products */,
			);
			sourceTree = "<group>";
		};
		B70F4B251F497EC8007AE4AB /* Products */ = {
			isa = PBXGroup;
			children = (
				B70F4B241F497EC8007AE4AB /* DDAdapter.app */,
			);
			name = Products;
			sourceTree = "<group>";
		};
		B70F4B261F497EC8007AE4AB /* DDAdapter */ = {
			isa = PBXGroup;
			children = (
				B70F4B3E1F497EFE007AE4AB /* DDAdapter */,
				B70F4B2A1F497EC8007AE4AB /* AppDelegate.h */,
				B70F4B2B1F497EC8007AE4AB /* AppDelegate.m */,
				B70F4B2D1F497EC8007AE4AB /* ViewController.h */,
				B70F4B2E1F497EC8007AE4AB /* ViewController.m */,
				B70F4B301F497EC8007AE4AB /* Main.storyboard */,
				B70F4B331F497EC8007AE4AB /* Assets.xcassets */,
				B70F4B351F497EC8007AE4AB /* LaunchScreen.storyboard */,
				B70F4B381F497EC8007AE4AB /* Info.plist */,
				B70F4B271F497EC8007AE4AB /* Supporting Files */,
			);
			path = DDAdapter;
			sourceTree = "<group>";
		};
		B70F4B271F497EC8007AE4AB /* Supporting Files */ = {
			isa = PBXGroup;
			children = (
				B70F4B281F497EC8007AE4AB /* main.m */,
			);
			name = "Supporting Files";
			sourceTree = "<group>";
		};
		B70F4B3E1F497EFE007AE4AB /* DDAdapter */ = {
			isa = PBXGroup;
			children = (
				B70F4B461F497F6F007AE4AB /* ViewAdapter */,
				B70F4B431F497F32007AE4AB /* FontAdapter */,
				B70F4B3F1F497F1B007AE4AB /* FunctionTool */,
			);
			path = DDAdapter;
			sourceTree = "<group>";
		};
		B70F4B3F1F497F1B007AE4AB /* FunctionTool */ = {
			isa = PBXGroup;
			children = (
				B70F4B401F497F1B007AE4AB /* FunctionTool.h */,
				B70F4B411F497F1B007AE4AB /* FunctionTool.m */,
			);
			path = FunctionTool;
			sourceTree = "<group>";
		};
		B70F4B431F497F32007AE4AB /* FontAdapter */ = {
			isa = PBXGroup;
			children = (
				B70F4B441F497F3D007AE4AB /* UIFont+fontAdapter.m */,
			);
			path = FontAdapter;
			sourceTree = "<group>";
		};
		B70F4B461F497F6F007AE4AB /* ViewAdapter */ = {
			isa = PBXGroup;
			children = (
				B70F4B481F497FAA007AE4AB /* UIView+ConstraintAdapter.m */,
			);
			path = ViewAdapter;
			sourceTree = "<group>";
		};
/* End PBXGroup section */

/* Begin PBXNativeTarget section */
		B70F4B231F497EC8007AE4AB /* DDAdapter */ = {
			isa = PBXNativeTarget;
			buildConfigurationList = B70F4B3B1F497EC8007AE4AB /* Build configuration list for PBXNativeTarget "DDAdapter" */;
			buildPhases = (
				B70F4B201F497EC8007AE4AB /* Sources */,
				B70F4B211F497EC8007AE4AB /* Frameworks */,
				B70F4B221F497EC8007AE4AB /* Resources */,
			);
			buildRules = (
			);
			dependencies = (
			);
			name = DDAdapter;
			productName = DDAdapter;
			productReference = B70F4B241F497EC8007AE4AB /* DDAdapter.app */;
			productType = "com.apple.product-type.application";
		};
/* End PBXNativeTarget section */

/* Begin PBXProject section */
		B70F4B1C1F497EC8007AE4AB /* Project object */ = {
			isa = PBXProject;
			attributes = {
				LastUpgradeCheck = 0830;
				ORGANIZATIONNAME = "王志斌";
				TargetAttributes = {
					B70F4B231F497EC8007AE4AB = {
						CreatedOnToolsVersion = 8.3.3;
						DevelopmentTeam = 42T8MP36EB;
						ProvisioningStyle = Automatic;
					};
				};
			};
			buildConfigurationList = B70F4B1F1F497EC8007AE4AB /* Build configuration list for PBXProject "DDAdapter" */;
			compatibilityVersion = "Xcode 3.2";
			developmentRegion = English;
			hasScannedForEncodings = 0;
			knownRegions = (
				en,
				Base,
			);
			mainGroup = B70F4B1B1F497EC8007AE4AB;
			productRefGroup = B70F4B251F497EC8007AE4AB /* Products */;
			projectDirPath = "";
			projectRoot = "";
			targets = (
				B70F4B231F497EC8007AE4AB /* DDAdapter */,
			);
		};
/* End PBXProject section */

/* Begin PBXResourcesBuildPhase section */
		B70F4B221F497EC8007AE4AB /* Resources */ = {
			isa = PBXResourcesBuildPhase;
			buildActionMask = 2147483647;
			files = (
				B70F4B371F497EC8007AE4AB /* LaunchScreen.storyboard in Resources */,
				B70F4B341F497EC8007AE4AB /* Assets.xcassets in Resources */,
				B70F4B321F497EC8007AE4AB /* Main.storyboard in Resources */,
			);
			runOnlyForDeploymentPostprocessing = 0;
		};
/* End PBXResourcesBuildPhase section */

/* Begin PBXSourcesBuildPhase section */
		B70F4B201F497EC8007AE4AB /* Sources */ = {
			isa = PBXSourcesBuildPhase;
			buildActionMask = 2147483647;
			files = (
				B70F4B2F1F497EC8007AE4AB /* ViewController.m in Sources */,
				B70F4B421F497F1B007AE4AB /* FunctionTool.m in Sources */,
				B70F4B2C1F497EC8007AE4AB /* AppDelegate.m in Sources */,
				B70F4B491F497FAA007AE4AB /* UIView+ConstraintAdapter.m in Sources */,
				B70F4B451F497F3D007AE4AB /* UIFont+fontAdapter.m in Sources */,
				B70F4B291F497EC8007AE4AB /* main.m in Sources */,
			);
			runOnlyForDeploymentPostprocessing = 0;
		};
/* End PBXSourcesBuildPhase section */

/* Begin PBXVariantGroup section */
		B70F4B301F497EC8007AE4AB /* Main.storyboard */ = {
			isa = PBXVariantGroup;
			children = (
				B70F4B311F497EC8007AE4AB /* Base */,
			);
			name = Main.storyboard;
			sourceTree = "<group>";
		};
		B70F4B351F497EC8007AE4AB /* LaunchScreen.storyboard */ = {
			isa = PBXVariantGroup;
			children = (
				B70F4B361F497EC8007AE4AB /* Base */,
			);
			name = LaunchScreen.storyboard;
			sourceTree = "<group>";
		};
/* End PBXVariantGroup section */

/* Begin XCBuildConfiguration section */
		B70F4B391F497EC8007AE4AB /* Debug */ = {
			isa = XCBuildConfiguration;
			buildSettings = {
				ALWAYS_SEARCH_USER_PATHS = NO;
				CLANG_ANALYZER_NONNULL = YES;
				CLANG_ANALYZER_NUMBER_OBJECT_CONVERSION = YES_AGGRESSIVE;
				CLANG_CXX_LANGUAGE_STANDARD = "gnu++0x";
				CLANG_CXX_LIBRARY = "libc++";
				CLANG_ENABLE_MODULES = YES;
				CLANG_ENABLE_OBJC_ARC = YES;
				CLANG_WARN_BOOL_CONVERSION = YES;
				CLANG_WARN_CONSTANT_CONVERSION = YES;
				CLANG_WARN_DIRECT_OBJC_ISA_USAGE = YES_ERROR;
				CLANG_WARN_DOCUMENTATION_COMMENTS = YES;
				CLANG_WARN_EMPTY_BODY = YES;
				CLANG_WARN_ENUM_CONVERSION = YES;
				CLANG_WARN_INFINITE_RECURSION = YES;
				CLANG_WARN_INT_CONVERSION = YES;
				CLANG_WARN_OBJC_ROOT_CLASS = YES_ERROR;
				CLANG_WARN_SUSPICIOUS_MOVE = YES;
				CLANG_WARN_UNREACHABLE_CODE = YES;
				CLANG_WARN__DUPLICATE_METHOD_MATCH = YES;
				"CODE_SIGN_IDENTITY[sdk=iphoneos*]" = "iPhone Developer";
				COPY_PHASE_STRIP = NO;
				DEBUG_INFORMATION_FORMAT = dwarf;
				ENABLE_STRICT_OBJC_MSGSEND = YES;
				ENABLE_TESTABILITY = YES;
				GCC_C_LANGUAGE_STANDARD = gnu99;
				GCC_DYNAMIC_NO_PIC = NO;
				GCC_NO_COMMON_BLOCKS = YES;
				GCC_OPTIMIZATION_LEVEL = 0;
				GCC_PREPROCESSOR_DEFINITIONS = (
					"DEBUG=1",
					"$(inherited)",
				);
				GCC_WARN_64_TO_32_BIT_CONVERSION = YES;
				GCC_WARN_ABOUT_RETURN_TYPE = YES_ERROR;
				GCC_WARN_UNDECLARED_SELECTOR = YES;
				GCC_WARN_UNINITIALIZED_AUTOS = YES_AGGRESSIVE;
				GCC_WARN_UNUSED_FUNCTION = YES;
				GCC_WARN_UNUSED_VARIABLE = YES;
				IPHONEOS_DEPLOYMENT_TARGET = 10.3;
				MTL_ENABLE_DEBUG_INFO = YES;
				ONLY_ACTIVE_ARCH = YES;
				SDKROOT = iphoneos;
				TARGETED_DEVICE_FAMILY = "1,2";
			};
			name = Debug;
		};
		B70F4B3A1F497EC8007AE4AB /* Release */ = {
			isa = XCBuildConfiguration;
			buildSettings = {
				ALWAYS_SEARCH_USER_PATHS = NO;
				CLANG_ANALYZER_NONNULL = YES;
				CLANG_ANALYZER_NUMBER_OBJECT_CONVERSION = YES_AGGRESSIVE;
				CLANG_CXX_LANGUAGE_STANDARD = "gnu++0x";
				CLANG_CXX_LIBRARY = "libc++";
				CLANG_ENABLE_MODULES = YES;
				CLANG_ENABLE_OBJC_ARC = YES;
				CLANG_WARN_BOOL_CONVERSION = YES;
				CLANG_WARN_CONSTANT_CONVERSION = YES;
				CLANG_WARN_DIRECT_OBJC_ISA_USAGE = YES_ERROR;
				CLANG_WARN_DOCUMENTATION_COMMENTS = YES;
				CLANG_WARN_EMPTY_BODY = YES;
				CLANG_WARN_ENUM_CONVERSION = YES;
				CLANG_WARN_INFINITE_RECURSION = YES;
				CLANG_WARN_INT_CONVERSION = YES;
				CLANG_WARN_OBJC_ROOT_CLASS = YES_ERROR;
				CLANG_WARN_SUSPICIOUS_MOVE = YES;
				CLANG_WARN_UNREACHABLE_CODE = YES;
				CLANG_WARN__DUPLICATE_METHOD_MATCH = YES;
				"CODE_SIGN_IDENTITY[sdk=iphoneos*]" = "iPhone Developer";
				COPY_PHASE_STRIP = NO;
				DEBUG_INFORMATION_FORMAT = "dwarf-with-dsym";
				ENABLE_NS_ASSERTIONS = NO;
				ENABLE_STRICT_OBJC_MSGSEND = YES;
				GCC_C_LANGUAGE_STANDARD = gnu99;
				GCC_NO_COMMON_BLOCKS = YES;
				GCC_WARN_64_TO_32_BIT_CONVERSION = YES;
				GCC_WARN_ABOUT_RETURN_TYPE = YES_ERROR;
				GCC_WARN_UNDECLARED_SELECTOR = YES;
				GCC_WARN_UNINITIALIZED_AUTOS = YES_AGGRESSIVE;
				GCC_WARN_UNUSED_FUNCTION = YES;
				GCC_WARN_UNUSED_VARIABLE = YES;
				IPHONEOS_DEPLOYMENT_TARGET = 10.3;
				MTL_ENABLE_DEBUG_INFO = NO;
				SDKROOT = iphoneos;
				TARGETED_DEVICE_FAMILY = "1,2";
				VALIDATE_PRODUCT = YES;
			};
			name = Release;
		};
		B70F4B3C1F497EC8007AE4AB /* Debug */ = {
			isa = XCBuildConfiguration;
			buildSettings = {
				ASSETCATALOG_COMPILER_APPICON_NAME = AppIcon;
				DEVELOPMENT_TEAM = 42T8MP36EB;
				INFOPLIST_FILE = DDAdapter/Info.plist;
				LD_RUNPATH_SEARCH_PATHS = "$(inherited) @executable_path/Frameworks";
				PRODUCT_BUNDLE_IDENTIFIER = wzboy.DDAdapter;
				PRODUCT_NAME = "$(TARGET_NAME)";
			};
			name = Debug;
		};
		B70F4B3D1F497EC8007AE4AB /* Release */ = {
			isa = XCBuildConfiguration;
			buildSettings = {
				ASSETCATALOG_COMPILER_APPICON_NAME = AppIcon;
				DEVELOPMENT_TEAM = 42T8MP36EB;
				INFOPLIST_FILE = DDAdapter/Info.plist;
				LD_RUNPATH_SEARCH_PATHS = "$(inherited) @executable_path/Frameworks";
				PRODUCT_BUNDLE_IDENTIFIER = wzboy.DDAdapter;
				PRODUCT_NAME = "$(TARGET_NAME)";
			};
			name = Release;
		};
/* End XCBuildConfiguration section */

/* Begin XCConfigurationList section */
		B70F4B1F1F497EC8007AE4AB /* Build configuration list for PBXProject "DDAdapter" */ = {
			isa = XCConfigurationList;
			buildConfigurations = (
				B70F4B391F497EC8007AE4AB /* Debug */,
				B70F4B3A1F497EC8007AE4AB /* Release */,
			);
			defaultConfigurationIsVisible = 0;
			defaultConfigurationName = Release;
		};
		B70F4B3B1F497EC8007AE4AB /* Build configuration list for PBXNativeTarget "DDAdapter" */ = {
			isa = XCConfigurationList;
			buildConfigurations = (
				B70F4B3C1F497EC8007AE4AB /* Debug */,
				B70F4B3D1F497EC8007AE4AB /* Release */,
			);
			defaultConfigurationIsVisible = 0;
		};
/* End XCConfigurationList section */
	};
	rootObject = B70F4B1C1F497EC8007AE4AB /* Project object */;
}
